
Microsoft Visual Studio Solution File, Format Version 12.00
# Visual Studio Version 16
VisualStudioVersion = 16.0.31129.286
MinimumVisualStudioVersion = 10.0.40219.1
Project("{F184B08F-C81C-45F6-A57F-5ABD9991F28F}") = "HelloWordVb", "HelloWordVb\HelloWordVb.vbproj", "{43163510-576D-46E5-BDDE-B7095A789D04}"
EndProject
Project("{FAE04EC0-301F-11D3-BF4B-00C04F79EFBC}") = "HelloWordCs", "HelloWordCs\HelloWordCs.csproj", "{C42F2C5D-035D-43EE-B83A-689D461131C1}"
EndProject
Global
	GlobalSection(SolutionConfigurationPlatforms) = preSolution
		Debug|Any CPU = Debug|Any CPU
		Release|Any CPU = Release|Any CPU
	EndGlobalSection
	GlobalSection(ProjectConfigurationPlatforms) = postSolution
		{43163510-576D-46E5-BDDE-B7095A789D04}.Debug|Any CPU.ActiveCfg = Debug|Any CPU
		{43163510-576D-46E5-BDDE-B7095A789D04}.Debug|Any CPU.Build.0 = Debug|Any CPU
		{43163510-576D-46E5-BDDE-B7095A789D04}.Release|Any CPU.ActiveCfg = Release|Any CPU
		{43163510-576D-46E5-BDDE-B7095A789D04}.Release|Any CPU.Build.0 = Release|Any CPU
		{C42F2C5D-035D-43EE-B83A-689D461131C1}.Debug|Any CPU.ActiveCfg = Debug|Any CPU
		{C42F2C5D-035D-43EE-B83A-689D461131C1}.Debug|Any CPU.Build.0 = Debug|Any CPU
		{C42F2C5D-035D-43EE-B83A-689D461131C1}.Release|Any CPU.ActiveCfg = Release|Any CPU
		{C42F2C5D-035D-43EE-B83A-689D461131C1}.Release|Any CPU.Build.0 = Release|Any CPU
	EndGlobalSection
	GlobalSection(SolutionProperties) = preSolution
		HideSolutionNode = FALSE
	EndGlobalSection
	GlobalSection(ExtensibilityGlobals) = postSolution
		SolutionGuid = {6A257D43-148C-42A2-8619-649BC2402FEB}
	EndGlobalSection
EndGlobal
