
Microsoft Visual Studio Solution File, Format Version 12.00
# Visual Studio Version 16
VisualStudioVersion = 16.0.31229.75
MinimumVisualStudioVersion = 10.0.40219.1
Project("{FAE04EC0-301F-11D3-BF4B-00C04F79EFBC}") = "FechaInteligenteCs", "FechaInteligenteCs\FechaInteligenteCs.csproj", "{9AF894E2-89D1-49BF-BE66-FE899D2BC0CC}"
EndProject
Project("{F184B08F-C81C-45F6-A57F-5ABD9991F28F}") = "FechaInteligenteVb", "FechaInteligenteVb\FechaInteligenteVb.vbproj", "{B6EEDCBF-5D5F-430D-B699-D37BF39903A2}"
EndProject
Global
	GlobalSection(SolutionConfigurationPlatforms) = preSolution
		Debug|Any CPU = Debug|Any CPU
		Release|Any CPU = Release|Any CPU
	EndGlobalSection
	GlobalSection(ProjectConfigurationPlatforms) = postSolution
		{9AF894E2-89D1-49BF-BE66-FE899D2BC0CC}.Debug|Any CPU.ActiveCfg = Debug|Any CPU
		{9AF894E2-89D1-49BF-BE66-FE899D2BC0CC}.Debug|Any CPU.Build.0 = Debug|Any CPU
		{9AF894E2-89D1-49BF-BE66-FE899D2BC0CC}.Release|Any CPU.ActiveCfg = Release|Any CPU
		{9AF894E2-89D1-49BF-BE66-FE899D2BC0CC}.Release|Any CPU.Build.0 = Release|Any CPU
		{B6EEDCBF-5D5F-430D-B699-D37BF39903A2}.Debug|Any CPU.ActiveCfg = Debug|Any CPU
		{B6EEDCBF-5D5F-430D-B699-D37BF39903A2}.Debug|Any CPU.Build.0 = Debug|Any CPU
		{B6EEDCBF-5D5F-430D-B699-D37BF39903A2}.Release|Any CPU.ActiveCfg = Release|Any CPU
		{B6EEDCBF-5D5F-430D-B699-D37BF39903A2}.Release|Any CPU.Build.0 = Release|Any CPU
	EndGlobalSection
	GlobalSection(SolutionProperties) = preSolution
		HideSolutionNode = FALSE
	EndGlobalSection
	GlobalSection(ExtensibilityGlobals) = postSolution
		SolutionGuid = {37E99616-01EB-418A-BAF2-E1816E55329B}
	EndGlobalSection
EndGlobal
